// !$*UTF8*$!
{
	archiveVersion = 1;
	classes = {
	};
	objectVersion = 50;
	objects = {

/* Begin PBXBuildFile section */
		2890EB0A240DDA58009731C7 /* footerSupplement.swift in Sources */ = {isa = PBXBuildFile; fileRef = 2890EB09240DDA58009731C7 /* footerSupplement.swift */; };
		2890EB0C240DE0F4009731C7 /* DetailViewController.swift in Sources */ = {isa = PBXBuildFile; fileRef = 2890EB0B240DE0F4009731C7 /* DetailViewController.swift */; };
		28E9598C240DB987007862C1 /* AppDelegate.swift in Sources */ = {isa = PBXBuildFile; fileRef = 28E9598B240DB987007862C1 /* AppDelegate.swift */; };
		28E9598E240DB987007862C1 /* SceneDelegate.swift in Sources */ = {isa = PBXBuildFile; fileRef = 28E9598D240DB987007862C1 /* SceneDelegate.swift */; };
		28E95993240DB987007862C1 /* Main.storyboard in Resources */ = {isa = PBXBuildFile; fileRef = 28E95991240DB987007862C1 /* Main.storyboard */; };
		28E95995240DB98A007862C1 /* Assets.xcassets in Resources */ = {isa = PBXBuildFile; fileRef = 28E95994240DB98A007862C1 /* Assets.xcassets */; };
		28E95998240DB98A007862C1 /* LaunchScreen.storyboard in Resources */ = {isa = PBXBuildFile; fileRef = 28E95996240DB98A007862C1 /* LaunchScreen.storyboard */; };
		28E959A0240DBAAD007862C1 /* CollectionViewController.swift in Sources */ = {isa = PBXBuildFile; fileRef = 28E9599F240DBAAD007862C1 /* CollectionViewController.swift */; };
		28E959A2240DBC0E007862C1 /* CollectionViewCell.swift in Sources */ = {isa = PBXBuildFile; fileRef = 28E959A1240DBC0E007862C1 /* CollectionViewCell.swift */; };
		28E959A4240DD4EC007862C1 /* HeaderSupplement.swift in Sources */ = {isa = PBXBuildFile; fileRef = 28E959A3240DD4EC007862C1 /* HeaderSupplement.swift */; };
/* End PBXBuildFile section */

/* Begin PBXFileReference section */
		2890EB09240DDA58009731C7 /* footerSupplement.swift */ = {isa = PBXFileReference; lastKnownFileType = sourcecode.swift; path = footerSupplement.swift; sourceTree = "<group>"; };
		2890EB0B240DE0F4009731C7 /* DetailViewController.swift */ = {isa = PBXFileReference; lastKnownFileType = sourcecode.swift; path = DetailViewController.swift; sourceTree = "<group>"; };
		28E95988240DB987007862C1 /* Lab Three.app */ = {isa = PBXFileReference; explicitFileType = wrapper.application; includeInIndex = 0; path = "Lab Three.app"; sourceTree = BUILT_PRODUCTS_DIR; };
		28E9598B240DB987007862C1 /* AppDelegate.swift */ = {isa = PBXFileReference; lastKnownFileType = sourcecode.swift; path = AppDelegate.swift; sourceTree = "<group>"; };
		28E9598D240DB987007862C1 /* SceneDelegate.swift */ = {isa = PBXFileReference; lastKnownFileType = sourcecode.swift; path = SceneDelegate.swift; sourceTree = "<group>"; };
		28E95992240DB987007862C1 /* Base */ = {isa = PBXFileReference; lastKnownFileType = file.storyboard; name = Base; path = Base.lproj/Main.storyboard; sourceTree = "<group>"; };
		28E95994240DB98A007862C1 /* Assets.xcassets */ = {isa = PBXFileReference; lastKnownFileType = folder.assetcatalog; path = Assets.xcassets; sourceTree = "<group>"; };
		28E95997240DB98A007862C1 /* Base */ = {isa = PBXFileReference; lastKnownFileType = file.storyboard; name = Base; path = Base.lproj/LaunchScreen.storyboard; sourceTree = "<group>"; };
		28E95999240DB98A007862C1 /* Info.plist */ = {isa = PBXFileReference; lastKnownFileType = text.plist.xml; path = Info.plist; sourceTree = "<group>"; };
		28E9599F240DBAAD007862C1 /* CollectionViewController.swift */ = {isa = PBXFileReference; lastKnownFileType = sourcecode.swift; path = CollectionViewController.swift; sourceTree = "<group>"; };
		28E959A1240DBC0E007862C1 /* CollectionViewCell.swift */ = {isa = PBXFileReference; lastKnownFileType = sourcecode.swift; path = CollectionViewCell.swift; sourceTree = "<group>"; };
		28E959A3240DD4EC007862C1 /* HeaderSupplement.swift */ = {isa = PBXFileReference; lastKnownFileType = sourcecode.swift; path = HeaderSupplement.swift; sourceTree = "<group>"; };
/* End PBXFileReference section */

/* Begin PBXFrameworksBuildPhase section */
		28E95985240DB987007862C1 /* Frameworks */ = {
			isa = PBXFrameworksBuildPhase;
			buildActionMask = 2147483647;
			files = (
			);
			runOnlyForDeploymentPostprocessing = 0;
		};
/* End PBXFrameworksBuildPhase section */

/* Begin PBXGroup section */
		28E9597F240DB987007862C1 = {
			isa = PBXGroup;
			children = (
				28E9598A240DB987007862C1 /* Lab Three */,
				28E95989240DB987007862C1 /* Products */,
			);
			sourceTree = "<group>";
		};
		28E95989240DB987007862C1 /* Products */ = {
			isa = PBXGroup;
			children = (
				28E95988240DB987007862C1 /* Lab Three.app */,
			);
			name = Products;
			sourceTree = "<group>";
		};
		28E9598A240DB987007862C1 /* Lab Three */ = {
			isa = PBXGroup;
			children = (
				28E9598B240DB987007862C1 /* AppDelegate.swift */,
				28E9598D240DB987007862C1 /* SceneDelegate.swift */,
				28E9599F240DBAAD007862C1 /* CollectionViewController.swift */,
				2890EB09240DDA58009731C7 /* footerSupplement.swift */,
				28E959A1240DBC0E007862C1 /* CollectionViewCell.swift */,
				28E959A3240DD4EC007862C1 /* HeaderSupplement.swift */,
				2890EB0B240DE0F4009731C7 /* DetailViewController.swift */,
				28E95991240DB987007862C1 /* Main.storyboard */,
				28E95994240DB98A007862C1 /* Assets.xcassets */,
				28E95996240DB98A007862C1 /* LaunchScreen.storyboard */,
				28E95999240DB98A007862C1 /* Info.plist */,
			);
			path = "Lab Three";
			sourceTree = "<group>";
		};
/* End PBXGroup section */

/* Begin PBXNativeTarget section */
		28E95987240DB987007862C1 /* Lab Three */ = {
			isa = PBXNativeTarget;
			buildConfigurationList = 28E9599C240DB98A007862C1 /* Build configuration list for PBXNativeTarget "Lab Three" */;
			buildPhases = (
				28E95984240DB987007862C1 /* Sources */,
				28E95985240DB987007862C1 /* Frameworks */,
				28E95986240DB987007862C1 /* Resources */,
			);
			buildRules = (
			);
			dependencies = (
			);
			name = "Lab Three";
			productName = "Lab Three";
			productReference = 28E95988240DB987007862C1 /* Lab Three.app */;
			productType = "com.apple.product-type.application";
		};
/* End PBXNativeTarget section */

/* Begin PBXProject section */
		28E95980240DB987007862C1 /* Project object */ = {
			isa = PBXProject;
			attributes = {
				LastSwiftUpdateCheck = 1130;
				LastUpgradeCheck = 1130;
				ORGANIZATIONNAME = "Jennifer Mah";
				TargetAttributes = {
					28E95987240DB987007862C1 = {
						CreatedOnToolsVersion = 11.3.1;
					};
				};
			};
			buildConfigurationList = 28E95983240DB987007862C1 /* Build configuration list for PBXProject "Lab Three" */;
			compatibilityVersion = "Xcode 9.3";
			developmentRegion = en;
			hasScannedForEncodings = 0;
			knownRegions = (
				en,
				Base,
			);
			mainGroup = 28E9597F240DB987007862C1;
			productRefGroup = 28E95989240DB987007862C1 /* Products */;
			projectDirPath = "";
			projectRoot = "";
			targets = (
				28E95987240DB987007862C1 /* Lab Three */,
			);
		};
/* End PBXProject section */

/* Begin PBXResourcesBuildPhase section */
		28E95986240DB987007862C1 /* Resources */ = {
			isa = PBXResourcesBuildPhase;
			buildActionMask = 2147483647;
			files = (
				28E95998240DB98A007862C1 /* LaunchScreen.storyboard in Resources */,
				28E95995240DB98A007862C1 /* Assets.xcassets in Resources */,
				28E95993240DB987007862C1 /* Main.storyboard in Resources */,
			);
			runOnlyForDeploymentPostprocessing = 0;
		};
/* End PBXResourcesBuildPhase section */

/* Begin PBXSourcesBuildPhase section */
		28E95984240DB987007862C1 /* Sources */ = {
			isa = PBXSourcesBuildPhase;
			buildActionMask = 2147483647;
			files = (
				28E959A0240DBAAD007862C1 /* CollectionViewController.swift in Sources */,
				2890EB0A240DDA58009731C7 /* footerSupplement.swift in Sources */,
				28E9598C240DB987007862C1 /* AppDelegate.swift in Sources */,
				28E959A4240DD4EC007862C1 /* HeaderSupplement.swift in Sources */,
				28E959A2240DBC0E007862C1 /* CollectionViewCell.swift in Sources */,
				28E9598E240DB987007862C1 /* SceneDelegate.swift in Sources */,
				2890EB0C240DE0F4009731C7 /* DetailViewController.swift in Sources */,
			);
			runOnlyForDeploymentPostprocessing = 0;
		};
/* End PBXSourcesBuildPhase section */

/* Begin PBXVariantGroup section */
		28E95991240DB987007862C1 /* Main.storyboard */ = {
			isa = PBXVariantGroup;
			children = (
				28E95992240DB987007862C1 /* Base */,
			);
			name = Main.storyboard;
			sourceTree = "<group>";
		};
		28E95996240DB98A007862C1 /* LaunchScreen.storyboard */ = {
			isa = PBXVariantGroup;
			children = (
				28E95997240DB98A007862C1 /* Base */,
			);
			name = LaunchScreen.storyboard;
			sourceTree = "<group>";
		};
/* End PBXVariantGroup section */

/* Begin XCBuildConfiguration section */
		28E9599A240DB98A007862C1 /* Debug */ = {
			isa = XCBuildConfiguration;
			buildSettings = {
				ALWAYS_SEARCH_USER_PATHS = NO;
				CLANG_ANALYZER_NONNULL = YES;
				CLANG_ANALYZER_NUMBER_OBJECT_CONVERSION = YES_AGGRESSIVE;
				CLANG_CXX_LANGUAGE_STANDARD = "gnu++14";
				CLANG_CXX_LIBRARY = "libc++";
				CLANG_ENABLE_MODULES = YES;
				CLANG_ENABLE_OBJC_ARC = YES;
				CLANG_ENABLE_OBJC_WEAK = YES;
				CLANG_WARN_BLOCK_CAPTURE_AUTORELEASING = YES;
				CLANG_WARN_BOOL_CONVERSION = YES;
				CLANG_WARN_COMMA = YES;
				CLANG_WARN_CONSTANT_CONVERSION = YES;
				CLANG_WARN_DEPRECATED_OBJC_IMPLEMENTATIONS = YES;
				CLANG_WARN_DIRECT_OBJC_ISA_USAGE = YES_ERROR;
				CLANG_WARN_DOCUMENTATION_COMMENTS = YES;
				CLANG_WARN_EMPTY_BODY = YES;
				CLANG_WARN_ENUM_CONVERSION = YES;
				CLANG_WARN_INFINITE_RECURSION = YES;
				CLANG_WARN_INT_CONVERSION = YES;
				CLANG_WARN_NON_LITERAL_NULL_CONVERSION = YES;
				CLANG_WARN_OBJC_IMPLICIT_RETAIN_SELF = YES;
				CLANG_WARN_OBJC_LITERAL_CONVERSION = YES;
				CLANG_WARN_OBJC_ROOT_CLASS = YES_ERROR;
				CLANG_WARN_RANGE_LOOP_ANALYSIS = YES;
				CLANG_WARN_STRICT_PROTOTYPES = YES;
				CLANG_WARN_SUSPICIOUS_MOVE = YES;
				CLANG_WARN_UNGUARDED_AVAILABILITY = YES_AGGRESSIVE;
				CLANG_WARN_UNREACHABLE_CODE = YES;
				CLANG_WARN__DUPLICATE_METHOD_MATCH = YES;
				COPY_PHASE_STRIP = NO;
				DEBUG_INFORMATION_FORMAT = dwarf;
				ENABLE_STRICT_OBJC_MSGSEND = YES;
				ENABLE_TESTABILITY = YES;
				GCC_C_LANGUAGE_STANDARD = gnu11;
				GCC_DYNAMIC_NO_PIC = NO;
				GCC_NO_COMMON_BLOCKS = YES;
				GCC_OPTIMIZATION_LEVEL = 0;
				GCC_PREPROCESSOR_DEFINITIONS = (
					"DEBUG=1",
					"$(inherited)",
				);
				GCC_WARN_64_TO_32_BIT_CONVERSION = YES;
				GCC_WARN_ABOUT_RETURN_TYPE = YES_ERROR;
				GCC_WARN_UNDECLARED_SELECTOR = YES;
				GCC_WARN_UNINITIALIZED_AUTOS = YES_AGGRESSIVE;
				GCC_WARN_UNUSED_FUNCTION = YES;
				GCC_WARN_UNUSED_VARIABLE = YES;
				IPHONEOS_DEPLOYMENT_TARGET = 13.2;
				MTL_ENABLE_DEBUG_INFO = INCLUDE_SOURCE;
				MTL_FAST_MATH = YES;
				ONLY_ACTIVE_ARCH = YES;
				SDKROOT = iphoneos;
				SWIFT_ACTIVE_COMPILATION_CONDITIONS = DEBUG;
				SWIFT_OPTIMIZATION_LEVEL = "-Onone";
			};
			name = Debug;
		};
		28E9599B240DB98A007862C1 /* Release */ = {
			isa = XCBuildConfiguration;
			buildSettings = {
				ALWAYS_SEARCH_USER_PATHS = NO;
				CLANG_ANALYZER_NONNULL = YES;
				CLANG_ANALYZER_NUMBER_OBJECT_CONVERSION = YES_AGGRESSIVE;
				CLANG_CXX_LANGUAGE_STANDARD = "gnu++14";
				CLANG_CXX_LIBRARY = "libc++";
				CLANG_ENABLE_MODULES = YES;
				CLANG_ENABLE_OBJC_ARC = YES;
				CLANG_ENABLE_OBJC_WEAK = YES;
				CLANG_WARN_BLOCK_CAPTURE_AUTORELEASING = YES;
				CLANG_WARN_BOOL_CONVERSION = YES;
				CLANG_WARN_COMMA = YES;
				CLANG_WARN_CONSTANT_CONVERSION = YES;
				CLANG_WARN_DEPRECATED_OBJC_IMPLEMENTATIONS = YES;
				CLANG_WARN_DIRECT_OBJC_ISA_USAGE = YES_ERROR;
				CLANG_WARN_DOCUMENTATION_COMMENTS = YES;
				CLANG_WARN_EMPTY_BODY = YES;
				CLANG_WARN_ENUM_CONVERSION = YES;
				CLANG_WARN_INFINITE_RECURSION = YES;
				CLANG_WARN_INT_CONVERSION = YES;
				CLANG_WARN_NON_LITERAL_NULL_CONVERSION = YES;
				CLANG_WARN_OBJC_IMPLICIT_RETAIN_SELF = YES;
				CLANG_WARN_OBJC_LITERAL_CONVERSION = YES;
				CLANG_WARN_OBJC_ROOT_CLASS = YES_ERROR;
				CLANG_WARN_RANGE_LOOP_ANALYSIS = YES;
				CLANG_WARN_STRICT_PROTOTYPES = YES;
				CLANG_WARN_SUSPICIOUS_MOVE = YES;
				CLANG_WARN_UNGUARDED_AVAILABILITY = YES_AGGRESSIVE;
				CLANG_WARN_UNREACHABLE_CODE = YES;
				CLANG_WARN__DUPLICATE_METHOD_MATCH = YES;
				COPY_PHASE_STRIP = NO;
				DEBUG_INFORMATION_FORMAT = "dwarf-with-dsym";
				ENABLE_NS_ASSERTIONS = NO;
				ENABLE_STRICT_OBJC_MSGSEND = YES;
				GCC_C_LANGUAGE_STANDARD = gnu11;
				GCC_NO_COMMON_BLOCKS = YES;
				GCC_WARN_64_TO_32_BIT_CONVERSION = YES;
				GCC_WARN_ABOUT_RETURN_TYPE = YES_ERROR;
				GCC_WARN_UNDECLARED_SELECTOR = YES;
				GCC_WARN_UNINITIALIZED_AUTOS = YES_AGGRESSIVE;
				GCC_WARN_UNUSED_FUNCTION = YES;
				GCC_WARN_UNUSED_VARIABLE = YES;
				IPHONEOS_DEPLOYMENT_TARGET = 13.2;
				MTL_ENABLE_DEBUG_INFO = NO;
				MTL_FAST_MATH = YES;
				SDKROOT = iphoneos;
				SWIFT_COMPILATION_MODE = wholemodule;
				SWIFT_OPTIMIZATION_LEVEL = "-O";
				VALIDATE_PRODUCT = YES;
			};
			name = Release;
		};
		28E9599D240DB98A007862C1 /* Debug */ = {
			isa = XCBuildConfiguration;
			buildSettings = {
				ASSETCATALOG_COMPILER_APPICON_NAME = AppIcon;
				CODE_SIGN_STYLE = Automatic;
				INFOPLIST_FILE = "Lab Three/Info.plist";
				LD_RUNPATH_SEARCH_PATHS = (
					"$(inherited)",
					"@executable_path/Frameworks",
				);
				PRODUCT_BUNDLE_IDENTIFIER = "CU-Boulder.Lab-Three";
				PRODUCT_NAME = "$(TARGET_NAME)";
				SWIFT_VERSION = 5.0;
				TARGETED_DEVICE_FAMILY = "1,2";
			};
			name = Debug;
		};
		28E9599E240DB98A007862C1 /* Release */ = {
			isa = XCBuildConfiguration;
			buildSettings = {
				ASSETCATALOG_COMPILER_APPICON_NAME = AppIcon;
				CODE_SIGN_STYLE = Automatic;
				INFOPLIST_FILE = "Lab Three/Info.plist";
				LD_RUNPATH_SEARCH_PATHS = (
					"$(inherited)",
					"@executable_path/Frameworks",
				);
				PRODUCT_BUNDLE_IDENTIFIER = "CU-Boulder.Lab-Three";
				PRODUCT_NAME = "$(TARGET_NAME)";
				SWIFT_VERSION = 5.0;
				TARGETED_DEVICE_FAMILY = "1,2";
			};
			name = Release;
		};
/* End XCBuildConfiguration section */

/* Begin XCConfigurationList section */
		28E95983240DB987007862C1 /* Build configuration list for PBXProject "Lab Three" */ = {
			isa = XCConfigurationList;
			buildConfigurations = (
				28E9599A240DB98A007862C1 /* Debug */,
				28E9599B240DB98A007862C1 /* Release */,
			);
			defaultConfigurationIsVisible = 0;
			defaultConfigurationName = Release;
		};
		28E9599C240DB98A007862C1 /* Build configuration list for PBXNativeTarget "Lab Three" */ = {
			isa = XCConfigurationList;
			buildConfigurations = (
				28E9599D240DB98A007862C1 /* Debug */,
				28E9599E240DB98A007862C1 /* Release */,
			);
			defaultConfigurationIsVisible = 0;
			defaultConfigurationName = Release;
		};
/* End XCConfigurationList section */
	};
	rootObject = 28E95980240DB987007862C1 /* Project object */;
}
