// !$*UTF8*$!
{
	archiveVersion = 1;
	classes = {
	};
	objectVersion = 50;
	objects = {

/* Begin PBXBuildFile section */
		28AF43E823FDE4360054943D /* SearchResultsController.swift in Sources */ = {isa = PBXBuildFile; fileRef = 28AF43E723FDE4360054943D /* SearchResultsController.swift */; };
		28AF43EA23FDF2D30054943D /* InfoTableViewController.swift in Sources */ = {isa = PBXBuildFile; fileRef = 28AF43E923FDF2D30054943D /* InfoTableViewController.swift */; };
		28E68C8E23FCA5CD00A23CD0 /* AppDelegate.swift in Sources */ = {isa = PBXBuildFile; fileRef = 28E68C8D23FCA5CD00A23CD0 /* AppDelegate.swift */; };
		28E68C9023FCA5CD00A23CD0 /* SceneDelegate.swift in Sources */ = {isa = PBXBuildFile; fileRef = 28E68C8F23FCA5CD00A23CD0 /* SceneDelegate.swift */; };
		28E68C9223FCA5CD00A23CD0 /* ViewController.swift in Sources */ = {isa = PBXBuildFile; fileRef = 28E68C9123FCA5CD00A23CD0 /* ViewController.swift */; };
		28E68C9523FCA5CD00A23CD0 /* Main.storyboard in Resources */ = {isa = PBXBuildFile; fileRef = 28E68C9323FCA5CD00A23CD0 /* Main.storyboard */; };
		28E68C9723FCA5CF00A23CD0 /* Assets.xcassets in Resources */ = {isa = PBXBuildFile; fileRef = 28E68C9623FCA5CF00A23CD0 /* Assets.xcassets */; };
		28E68C9A23FCA5CF00A23CD0 /* LaunchScreen.storyboard in Resources */ = {isa = PBXBuildFile; fileRef = 28E68C9823FCA5CF00A23CD0 /* LaunchScreen.storyboard */; };
		28E68CA223FCC22C00A23CD0 /* months.plist in Resources */ = {isa = PBXBuildFile; fileRef = 28E68CA123FCC22B00A23CD0 /* months.plist */; };
		28E68CA623FCC72B00A23CD0 /* DiaryData.swift in Sources */ = {isa = PBXBuildFile; fileRef = 28E68CA523FCC72B00A23CD0 /* DiaryData.swift */; };
		28E68CAA23FD060000A23CD0 /* DetailTableViewController.swift in Sources */ = {isa = PBXBuildFile; fileRef = 28E68CA923FD060000A23CD0 /* DetailTableViewController.swift */; };
		28E68CAC23FD0BD400A23CD0 /* AddEntryViewController.swift in Sources */ = {isa = PBXBuildFile; fileRef = 28E68CAB23FD0BD400A23CD0 /* AddEntryViewController.swift */; };
/* End PBXBuildFile section */

/* Begin PBXFileReference section */
		28AF43E723FDE4360054943D /* SearchResultsController.swift */ = {isa = PBXFileReference; lastKnownFileType = sourcecode.swift; path = SearchResultsController.swift; sourceTree = "<group>"; };
		28AF43E923FDF2D30054943D /* InfoTableViewController.swift */ = {isa = PBXFileReference; lastKnownFileType = sourcecode.swift; path = InfoTableViewController.swift; sourceTree = "<group>"; };
		28E68C8A23FCA5CD00A23CD0 /* Lab Two.app */ = {isa = PBXFileReference; explicitFileType = wrapper.application; includeInIndex = 0; path = "Lab Two.app"; sourceTree = BUILT_PRODUCTS_DIR; };
		28E68C8D23FCA5CD00A23CD0 /* AppDelegate.swift */ = {isa = PBXFileReference; lastKnownFileType = sourcecode.swift; path = AppDelegate.swift; sourceTree = "<group>"; };
		28E68C8F23FCA5CD00A23CD0 /* SceneDelegate.swift */ = {isa = PBXFileReference; lastKnownFileType = sourcecode.swift; path = SceneDelegate.swift; sourceTree = "<group>"; };
		28E68C9123FCA5CD00A23CD0 /* ViewController.swift */ = {isa = PBXFileReference; lastKnownFileType = sourcecode.swift; path = ViewController.swift; sourceTree = "<group>"; };
		28E68C9423FCA5CD00A23CD0 /* Base */ = {isa = PBXFileReference; lastKnownFileType = file.storyboard; name = Base; path = Base.lproj/Main.storyboard; sourceTree = "<group>"; };
		28E68C9623FCA5CF00A23CD0 /* Assets.xcassets */ = {isa = PBXFileReference; lastKnownFileType = folder.assetcatalog; path = Assets.xcassets; sourceTree = "<group>"; };
		28E68C9923FCA5CF00A23CD0 /* Base */ = {isa = PBXFileReference; lastKnownFileType = file.storyboard; name = Base; path = Base.lproj/LaunchScreen.storyboard; sourceTree = "<group>"; };
		28E68C9B23FCA5CF00A23CD0 /* Info.plist */ = {isa = PBXFileReference; lastKnownFileType = text.plist.xml; path = Info.plist; sourceTree = "<group>"; };
		28E68CA123FCC22B00A23CD0 /* months.plist */ = {isa = PBXFileReference; lastKnownFileType = text.plist.xml; path = months.plist; sourceTree = "<group>"; };
		28E68CA523FCC72B00A23CD0 /* DiaryData.swift */ = {isa = PBXFileReference; lastKnownFileType = sourcecode.swift; path = DiaryData.swift; sourceTree = "<group>"; };
		28E68CA923FD060000A23CD0 /* DetailTableViewController.swift */ = {isa = PBXFileReference; lastKnownFileType = sourcecode.swift; path = DetailTableViewController.swift; sourceTree = "<group>"; };
		28E68CAB23FD0BD400A23CD0 /* AddEntryViewController.swift */ = {isa = PBXFileReference; lastKnownFileType = sourcecode.swift; path = AddEntryViewController.swift; sourceTree = "<group>"; };
/* End PBXFileReference section */

/* Begin PBXFrameworksBuildPhase section */
		28E68C8723FCA5CD00A23CD0 /* Frameworks */ = {
			isa = PBXFrameworksBuildPhase;
			buildActionMask = 2147483647;
			files = (
			);
			runOnlyForDeploymentPostprocessing = 0;
		};
/* End PBXFrameworksBuildPhase section */

/* Begin PBXGroup section */
		28E68C8123FCA5CD00A23CD0 = {
			isa = PBXGroup;
			children = (
				28E68C8C23FCA5CD00A23CD0 /* Lab Two */,
				28E68C8B23FCA5CD00A23CD0 /* Products */,
			);
			sourceTree = "<group>";
		};
		28E68C8B23FCA5CD00A23CD0 /* Products */ = {
			isa = PBXGroup;
			children = (
				28E68C8A23FCA5CD00A23CD0 /* Lab Two.app */,
			);
			name = Products;
			sourceTree = "<group>";
		};
		28E68C8C23FCA5CD00A23CD0 /* Lab Two */ = {
			isa = PBXGroup;
			children = (
				28E68C8D23FCA5CD00A23CD0 /* AppDelegate.swift */,
				28E68C8F23FCA5CD00A23CD0 /* SceneDelegate.swift */,
				28E68C9123FCA5CD00A23CD0 /* ViewController.swift */,
				28E68C9323FCA5CD00A23CD0 /* Main.storyboard */,
				28AF43E923FDF2D30054943D /* InfoTableViewController.swift */,
				28E68CAB23FD0BD400A23CD0 /* AddEntryViewController.swift */,
				28E68CA923FD060000A23CD0 /* DetailTableViewController.swift */,
				28AF43E723FDE4360054943D /* SearchResultsController.swift */,
				28E68C9623FCA5CF00A23CD0 /* Assets.xcassets */,
				28E68C9823FCA5CF00A23CD0 /* LaunchScreen.storyboard */,
				28E68C9B23FCA5CF00A23CD0 /* Info.plist */,
				28E68CA123FCC22B00A23CD0 /* months.plist */,
				28E68CA523FCC72B00A23CD0 /* DiaryData.swift */,
			);
			path = "Lab Two";
			sourceTree = "<group>";
		};
/* End PBXGroup section */

/* Begin PBXNativeTarget section */
		28E68C8923FCA5CD00A23CD0 /* Lab Two */ = {
			isa = PBXNativeTarget;
			buildConfigurationList = 28E68C9E23FCA5CF00A23CD0 /* Build configuration list for PBXNativeTarget "Lab Two" */;
			buildPhases = (
				28E68C8623FCA5CD00A23CD0 /* Sources */,
				28E68C8723FCA5CD00A23CD0 /* Frameworks */,
				28E68C8823FCA5CD00A23CD0 /* Resources */,
			);
			buildRules = (
			);
			dependencies = (
			);
			name = "Lab Two";
			productName = "Lab Two";
			productReference = 28E68C8A23FCA5CD00A23CD0 /* Lab Two.app */;
			productType = "com.apple.product-type.application";
		};
/* End PBXNativeTarget section */

/* Begin PBXProject section */
		28E68C8223FCA5CD00A23CD0 /* Project object */ = {
			isa = PBXProject;
			attributes = {
				LastSwiftUpdateCheck = 1130;
				LastUpgradeCheck = 1130;
				ORGANIZATIONNAME = "Jennifer Mah";
				TargetAttributes = {
					28E68C8923FCA5CD00A23CD0 = {
						CreatedOnToolsVersion = 11.3.1;
					};
				};
			};
			buildConfigurationList = 28E68C8523FCA5CD00A23CD0 /* Build configuration list for PBXProject "Lab Two" */;
			compatibilityVersion = "Xcode 9.3";
			developmentRegion = en;
			hasScannedForEncodings = 0;
			knownRegions = (
				en,
				Base,
			);
			mainGroup = 28E68C8123FCA5CD00A23CD0;
			productRefGroup = 28E68C8B23FCA5CD00A23CD0 /* Products */;
			projectDirPath = "";
			projectRoot = "";
			targets = (
				28E68C8923FCA5CD00A23CD0 /* Lab Two */,
			);
		};
/* End PBXProject section */

/* Begin PBXResourcesBuildPhase section */
		28E68C8823FCA5CD00A23CD0 /* Resources */ = {
			isa = PBXResourcesBuildPhase;
			buildActionMask = 2147483647;
			files = (
				28E68C9A23FCA5CF00A23CD0 /* LaunchScreen.storyboard in Resources */,
				28E68C9723FCA5CF00A23CD0 /* Assets.xcassets in Resources */,
				28E68C9523FCA5CD00A23CD0 /* Main.storyboard in Resources */,
				28E68CA223FCC22C00A23CD0 /* months.plist in Resources */,
			);
			runOnlyForDeploymentPostprocessing = 0;
		};
/* End PBXResourcesBuildPhase section */

/* Begin PBXSourcesBuildPhase section */
		28E68C8623FCA5CD00A23CD0 /* Sources */ = {
			isa = PBXSourcesBuildPhase;
			buildActionMask = 2147483647;
			files = (
				28E68C9223FCA5CD00A23CD0 /* ViewController.swift in Sources */,
				28E68CAA23FD060000A23CD0 /* DetailTableViewController.swift in Sources */,
				28E68CA623FCC72B00A23CD0 /* DiaryData.swift in Sources */,
				28AF43EA23FDF2D30054943D /* InfoTableViewController.swift in Sources */,
				28AF43E823FDE4360054943D /* SearchResultsController.swift in Sources */,
				28E68CAC23FD0BD400A23CD0 /* AddEntryViewController.swift in Sources */,
				28E68C8E23FCA5CD00A23CD0 /* AppDelegate.swift in Sources */,
				28E68C9023FCA5CD00A23CD0 /* SceneDelegate.swift in Sources */,
			);
			runOnlyForDeploymentPostprocessing = 0;
		};
/* End PBXSourcesBuildPhase section */

/* Begin PBXVariantGroup section */
		28E68C9323FCA5CD00A23CD0 /* Main.storyboard */ = {
			isa = PBXVariantGroup;
			children = (
				28E68C9423FCA5CD00A23CD0 /* Base */,
			);
			name = Main.storyboard;
			sourceTree = "<group>";
		};
		28E68C9823FCA5CF00A23CD0 /* LaunchScreen.storyboard */ = {
			isa = PBXVariantGroup;
			children = (
				28E68C9923FCA5CF00A23CD0 /* Base */,
			);
			name = LaunchScreen.storyboard;
			sourceTree = "<group>";
		};
/* End PBXVariantGroup section */

/* Begin XCBuildConfiguration section */
		28E68C9C23FCA5CF00A23CD0 /* Debug */ = {
			isa = XCBuildConfiguration;
			buildSettings = {
				ALWAYS_SEARCH_USER_PATHS = NO;
				CLANG_ANALYZER_NONNULL = YES;
				CLANG_ANALYZER_NUMBER_OBJECT_CONVERSION = YES_AGGRESSIVE;
				CLANG_CXX_LANGUAGE_STANDARD = "gnu++14";
				CLANG_CXX_LIBRARY = "libc++";
				CLANG_ENABLE_MODULES = YES;
				CLANG_ENABLE_OBJC_ARC = YES;
				CLANG_ENABLE_OBJC_WEAK = YES;
				CLANG_WARN_BLOCK_CAPTURE_AUTORELEASING = YES;
				CLANG_WARN_BOOL_CONVERSION = YES;
				CLANG_WARN_COMMA = YES;
				CLANG_WARN_CONSTANT_CONVERSION = YES;
				CLANG_WARN_DEPRECATED_OBJC_IMPLEMENTATIONS = YES;
				CLANG_WARN_DIRECT_OBJC_ISA_USAGE = YES_ERROR;
				CLANG_WARN_DOCUMENTATION_COMMENTS = YES;
				CLANG_WARN_EMPTY_BODY = YES;
				CLANG_WARN_ENUM_CONVERSION = YES;
				CLANG_WARN_INFINITE_RECURSION = YES;
				CLANG_WARN_INT_CONVERSION = YES;
				CLANG_WARN_NON_LITERAL_NULL_CONVERSION = YES;
				CLANG_WARN_OBJC_IMPLICIT_RETAIN_SELF = YES;
				CLANG_WARN_OBJC_LITERAL_CONVERSION = YES;
				CLANG_WARN_OBJC_ROOT_CLASS = YES_ERROR;
				CLANG_WARN_RANGE_LOOP_ANALYSIS = YES;
				CLANG_WARN_STRICT_PROTOTYPES = YES;
				CLANG_WARN_SUSPICIOUS_MOVE = YES;
				CLANG_WARN_UNGUARDED_AVAILABILITY = YES_AGGRESSIVE;
				CLANG_WARN_UNREACHABLE_CODE = YES;
				CLANG_WARN__DUPLICATE_METHOD_MATCH = YES;
				COPY_PHASE_STRIP = NO;
				DEBUG_INFORMATION_FORMAT = dwarf;
				ENABLE_STRICT_OBJC_MSGSEND = YES;
				ENABLE_TESTABILITY = YES;
				GCC_C_LANGUAGE_STANDARD = gnu11;
				GCC_DYNAMIC_NO_PIC = NO;
				GCC_NO_COMMON_BLOCKS = YES;
				GCC_OPTIMIZATION_LEVEL = 0;
				GCC_PREPROCESSOR_DEFINITIONS = (
					"DEBUG=1",
					"$(inherited)",
				);
				GCC_WARN_64_TO_32_BIT_CONVERSION = YES;
				GCC_WARN_ABOUT_RETURN_TYPE = YES_ERROR;
				GCC_WARN_UNDECLARED_SELECTOR = YES;
				GCC_WARN_UNINITIALIZED_AUTOS = YES_AGGRESSIVE;
				GCC_WARN_UNUSED_FUNCTION = YES;
				GCC_WARN_UNUSED_VARIABLE = YES;
				IPHONEOS_DEPLOYMENT_TARGET = 13.2;
				MTL_ENABLE_DEBUG_INFO = INCLUDE_SOURCE;
				MTL_FAST_MATH = YES;
				ONLY_ACTIVE_ARCH = YES;
				SDKROOT = iphoneos;
				SWIFT_ACTIVE_COMPILATION_CONDITIONS = DEBUG;
				SWIFT_OPTIMIZATION_LEVEL = "-Onone";
			};
			name = Debug;
		};
		28E68C9D23FCA5CF00A23CD0 /* Release */ = {
			isa = XCBuildConfiguration;
			buildSettings = {
				ALWAYS_SEARCH_USER_PATHS = NO;
				CLANG_ANALYZER_NONNULL = YES;
				CLANG_ANALYZER_NUMBER_OBJECT_CONVERSION = YES_AGGRESSIVE;
				CLANG_CXX_LANGUAGE_STANDARD = "gnu++14";
				CLANG_CXX_LIBRARY = "libc++";
				CLANG_ENABLE_MODULES = YES;
				CLANG_ENABLE_OBJC_ARC = YES;
				CLANG_ENABLE_OBJC_WEAK = YES;
				CLANG_WARN_BLOCK_CAPTURE_AUTORELEASING = YES;
				CLANG_WARN_BOOL_CONVERSION = YES;
				CLANG_WARN_COMMA = YES;
				CLANG_WARN_CONSTANT_CONVERSION = YES;
				CLANG_WARN_DEPRECATED_OBJC_IMPLEMENTATIONS = YES;
				CLANG_WARN_DIRECT_OBJC_ISA_USAGE = YES_ERROR;
				CLANG_WARN_DOCUMENTATION_COMMENTS = YES;
				CLANG_WARN_EMPTY_BODY = YES;
				CLANG_WARN_ENUM_CONVERSION = YES;
				CLANG_WARN_INFINITE_RECURSION = YES;
				CLANG_WARN_INT_CONVERSION = YES;
				CLANG_WARN_NON_LITERAL_NULL_CONVERSION = YES;
				CLANG_WARN_OBJC_IMPLICIT_RETAIN_SELF = YES;
				CLANG_WARN_OBJC_LITERAL_CONVERSION = YES;
				CLANG_WARN_OBJC_ROOT_CLASS = YES_ERROR;
				CLANG_WARN_RANGE_LOOP_ANALYSIS = YES;
				CLANG_WARN_STRICT_PROTOTYPES = YES;
				CLANG_WARN_SUSPICIOUS_MOVE = YES;
				CLANG_WARN_UNGUARDED_AVAILABILITY = YES_AGGRESSIVE;
				CLANG_WARN_UNREACHABLE_CODE = YES;
				CLANG_WARN__DUPLICATE_METHOD_MATCH = YES;
				COPY_PHASE_STRIP = NO;
				DEBUG_INFORMATION_FORMAT = "dwarf-with-dsym";
				ENABLE_NS_ASSERTIONS = NO;
				ENABLE_STRICT_OBJC_MSGSEND = YES;
				GCC_C_LANGUAGE_STANDARD = gnu11;
				GCC_NO_COMMON_BLOCKS = YES;
				GCC_WARN_64_TO_32_BIT_CONVERSION = YES;
				GCC_WARN_ABOUT_RETURN_TYPE = YES_ERROR;
				GCC_WARN_UNDECLARED_SELECTOR = YES;
				GCC_WARN_UNINITIALIZED_AUTOS = YES_AGGRESSIVE;
				GCC_WARN_UNUSED_FUNCTION = YES;
				GCC_WARN_UNUSED_VARIABLE = YES;
				IPHONEOS_DEPLOYMENT_TARGET = 13.2;
				MTL_ENABLE_DEBUG_INFO = NO;
				MTL_FAST_MATH = YES;
				SDKROOT = iphoneos;
				SWIFT_COMPILATION_MODE = wholemodule;
				SWIFT_OPTIMIZATION_LEVEL = "-O";
				VALIDATE_PRODUCT = YES;
			};
			name = Release;
		};
		28E68C9F23FCA5CF00A23CD0 /* Debug */ = {
			isa = XCBuildConfiguration;
			buildSettings = {
				ASSETCATALOG_COMPILER_APPICON_NAME = AppIcon;
				CODE_SIGN_STYLE = Automatic;
				INFOPLIST_FILE = "Lab Two/Info.plist";
				LD_RUNPATH_SEARCH_PATHS = (
					"$(inherited)",
					"@executable_path/Frameworks",
				);
				PRODUCT_BUNDLE_IDENTIFIER = "CU-Boulder.Lab-Two";
				PRODUCT_NAME = "$(TARGET_NAME)";
				SWIFT_VERSION = 5.0;
				TARGETED_DEVICE_FAMILY = "1,2";
			};
			name = Debug;
		};
		28E68CA023FCA5CF00A23CD0 /* Release */ = {
			isa = XCBuildConfiguration;
			buildSettings = {
				ASSETCATALOG_COMPILER_APPICON_NAME = AppIcon;
				CODE_SIGN_STYLE = Automatic;
				INFOPLIST_FILE = "Lab Two/Info.plist";
				LD_RUNPATH_SEARCH_PATHS = (
					"$(inherited)",
					"@executable_path/Frameworks",
				);
				PRODUCT_BUNDLE_IDENTIFIER = "CU-Boulder.Lab-Two";
				PRODUCT_NAME = "$(TARGET_NAME)";
				SWIFT_VERSION = 5.0;
				TARGETED_DEVICE_FAMILY = "1,2";
			};
			name = Release;
		};
/* End XCBuildConfiguration section */

/* Begin XCConfigurationList section */
		28E68C8523FCA5CD00A23CD0 /* Build configuration list for PBXProject "Lab Two" */ = {
			isa = XCConfigurationList;
			buildConfigurations = (
				28E68C9C23FCA5CF00A23CD0 /* Debug */,
				28E68C9D23FCA5CF00A23CD0 /* Release */,
			);
			defaultConfigurationIsVisible = 0;
			defaultConfigurationName = Release;
		};
		28E68C9E23FCA5CF00A23CD0 /* Build configuration list for PBXNativeTarget "Lab Two" */ = {
			isa = XCConfigurationList;
			buildConfigurations = (
				28E68C9F23FCA5CF00A23CD0 /* Debug */,
				28E68CA023FCA5CF00A23CD0 /* Release */,
			);
			defaultConfigurationIsVisible = 0;
			defaultConfigurationName = Release;
		};
/* End XCConfigurationList section */
	};
	rootObject = 28E68C8223FCA5CD00A23CD0 /* Project object */;
}
